
Microsoft Visual Studio Solution File, Format Version 12.00
# Visual Studio Version 17
VisualStudioVersion = 17.0.31903.59
MinimumVisualStudioVersion = 10.0.40219.1
Project("{2150E333-8FDC-42A3-9474-1A3956D46DE8}") = "TaxiRateApp.UI", "TaxiRateApp.UI", "{22161CCF-3C3F-48CD-B80B-BA22F484B714}"
EndProject
Project("{9A19103F-16F7-4668-BE54-9A1E7A4F7556}") = "TaxiRateApp.Web", "TaxiRateApp.Web\TaxiRateApp.Web.csproj", "{148C4123-6E60-445C-8956-C4B6A81C1FF0}"
EndProject
Project("{9A19103F-16F7-4668-BE54-9A1E7A4F7556}") = "TaxiRateApp.Business", "TaxiRateApp.Business\TaxiRateApp.Business.csproj", "{ACE8A255-61D7-43B3-995B-BA4E8EDE426F}"
EndProject
Project("{9A19103F-16F7-4668-BE54-9A1E7A4F7556}") = "TaxiRateApp.DataAccess", "TaxiRateApp.DataAccess\TaxiRateApp.DataAccess.csproj", "{ED99940E-CB90-4EEB-B106-F2689A458E53}"
EndProject
Project("{9A19103F-16F7-4668-BE54-9A1E7A4F7556}") = "TaxiRateApp.Core", "TaxiRateApp.Core\TaxiRateApp.Core.csproj", "{BC52764F-DE74-4262-B766-08CBE96666CF}"
EndProject
Project("{9A19103F-16F7-4668-BE54-9A1E7A4F7556}") = "TaxiRateApp.Entities", "TaxiRateApp.Entities\TaxiRateApp.Entities.csproj", "{64AB2A75-2EF1-4970-B027-C2A587FBDC6D}"
EndProject
Project("{9A19103F-16F7-4668-BE54-9A1E7A4F7556}") = "TaxiRateApp.REST", "TaxiRateApp.REST\TaxiRateApp.REST.csproj", "{EDD31B48-D0C4-4F2E-8EE8-2A4EB4C4919E}"
EndProject
Project("{FAE04EC0-301F-11D3-BF4B-00C04F79EFBC}") = "TaxiRateApp.Web.UI", "TaxiRateApp.Web.UI\TaxiRateApp.Web.UI.csproj", "{D633E35E-691B-48EE-B43B-D5C7E63B620E}"
EndProject
Global
	GlobalSection(SolutionConfigurationPlatforms) = preSolution
		Debug|Any CPU = Debug|Any CPU
		Release|Any CPU = Release|Any CPU
	EndGlobalSection
	GlobalSection(ProjectConfigurationPlatforms) = postSolution
		{148C4123-6E60-445C-8956-C4B6A81C1FF0}.Debug|Any CPU.ActiveCfg = Debug|Any CPU
		{148C4123-6E60-445C-8956-C4B6A81C1FF0}.Debug|Any CPU.Build.0 = Debug|Any CPU
		{148C4123-6E60-445C-8956-C4B6A81C1FF0}.Release|Any CPU.ActiveCfg = Release|Any CPU
		{148C4123-6E60-445C-8956-C4B6A81C1FF0}.Release|Any CPU.Build.0 = Release|Any CPU
		{ACE8A255-61D7-43B3-995B-BA4E8EDE426F}.Debug|Any CPU.ActiveCfg = Debug|Any CPU
		{ACE8A255-61D7-43B3-995B-BA4E8EDE426F}.Debug|Any CPU.Build.0 = Debug|Any CPU
		{ACE8A255-61D7-43B3-995B-BA4E8EDE426F}.Release|Any CPU.ActiveCfg = Release|Any CPU
		{ACE8A255-61D7-43B3-995B-BA4E8EDE426F}.Release|Any CPU.Build.0 = Release|Any CPU
		{ED99940E-CB90-4EEB-B106-F2689A458E53}.Debug|Any CPU.ActiveCfg = Debug|Any CPU
		{ED99940E-CB90-4EEB-B106-F2689A458E53}.Debug|Any CPU.Build.0 = Debug|Any CPU
		{ED99940E-CB90-4EEB-B106-F2689A458E53}.Release|Any CPU.ActiveCfg = Release|Any CPU
		{ED99940E-CB90-4EEB-B106-F2689A458E53}.Release|Any CPU.Build.0 = Release|Any CPU
		{BC52764F-DE74-4262-B766-08CBE96666CF}.Debug|Any CPU.ActiveCfg = Debug|Any CPU
		{BC52764F-DE74-4262-B766-08CBE96666CF}.Debug|Any CPU.Build.0 = Debug|Any CPU
		{BC52764F-DE74-4262-B766-08CBE96666CF}.Release|Any CPU.ActiveCfg = Release|Any CPU
		{BC52764F-DE74-4262-B766-08CBE96666CF}.Release|Any CPU.Build.0 = Release|Any CPU
		{64AB2A75-2EF1-4970-B027-C2A587FBDC6D}.Debug|Any CPU.ActiveCfg = Debug|Any CPU
		{64AB2A75-2EF1-4970-B027-C2A587FBDC6D}.Debug|Any CPU.Build.0 = Debug|Any CPU
		{64AB2A75-2EF1-4970-B027-C2A587FBDC6D}.Release|Any CPU.ActiveCfg = Release|Any CPU
		{64AB2A75-2EF1-4970-B027-C2A587FBDC6D}.Release|Any CPU.Build.0 = Release|Any CPU
		{EDD31B48-D0C4-4F2E-8EE8-2A4EB4C4919E}.Debug|Any CPU.ActiveCfg = Debug|Any CPU
		{EDD31B48-D0C4-4F2E-8EE8-2A4EB4C4919E}.Debug|Any CPU.Build.0 = Debug|Any CPU
		{EDD31B48-D0C4-4F2E-8EE8-2A4EB4C4919E}.Release|Any CPU.ActiveCfg = Release|Any CPU
		{EDD31B48-D0C4-4F2E-8EE8-2A4EB4C4919E}.Release|Any CPU.Build.0 = Release|Any CPU
		{D633E35E-691B-48EE-B43B-D5C7E63B620E}.Debug|Any CPU.ActiveCfg = Debug|Any CPU
		{D633E35E-691B-48EE-B43B-D5C7E63B620E}.Debug|Any CPU.Build.0 = Debug|Any CPU
		{D633E35E-691B-48EE-B43B-D5C7E63B620E}.Release|Any CPU.ActiveCfg = Release|Any CPU
		{D633E35E-691B-48EE-B43B-D5C7E63B620E}.Release|Any CPU.Build.0 = Release|Any CPU
	EndGlobalSection
	GlobalSection(SolutionProperties) = preSolution
		HideSolutionNode = FALSE
	EndGlobalSection
	GlobalSection(NestedProjects) = preSolution
		{148C4123-6E60-445C-8956-C4B6A81C1FF0} = {22161CCF-3C3F-48CD-B80B-BA22F484B714}
		{D633E35E-691B-48EE-B43B-D5C7E63B620E} = {22161CCF-3C3F-48CD-B80B-BA22F484B714}
	EndGlobalSection
	GlobalSection(ExtensibilityGlobals) = postSolution
		SolutionGuid = {573086F0-F8B0-4C60-A13A-D5DD47196C7E}
	EndGlobalSection
EndGlobal
